
Microsoft Visual Studio Solution File, Format Version 12.00
# Visual Studio 2012
Project("{FAE04EC0-301F-11D3-BF4B-00C04F79EFBC}") = "Factura Electronica VK", "Factura Electronica VK.csproj", "{D43B167A-CA19-4D23-B358-B70EE794519C}"
EndProject
Project("{FAE04EC0-301F-11D3-BF4B-00C04F79EFBC}") = "VisualD.GlobalVid", "VisualD.GlobalVid\VisualD.GlobalVid.csproj", "{78B23F84-CB41-495C-AA75-8C99C8A5C863}"
EndProject
Project("{FAE04EC0-301F-11D3-BF4B-00C04F79EFBC}") = "DLLparaXML", "DLL Crea XML\DLLparaXML\DLLparaXML.csproj", "{4DDF9DE7-7903-4138-A0D9-3ADDD04E330B}"
EndProject
Project("{FAE04EC0-301F-11D3-BF4B-00C04F79EFBC}") = "Servicio Estado DTE", "Servicio Estado DTE\Servicio Estado DTE\Servicio Estado DTE.csproj", "{FE41B945-26ED-4668-B075-FF2254B3FC1D}"
EndProject
Global
	GlobalSection(SolutionConfigurationPlatforms) = preSolution
		Debug SAP910 x64|Any CPU = Debug SAP910 x64|Any CPU
		Debug SAP910 x64|Mixed Platforms = Debug SAP910 x64|Mixed Platforms
		Debug SAP910 x64|x64 = Debug SAP910 x64|x64
		Debug SAP910 x64|x86 = Debug SAP910 x64|x86
		Debug SAP910 x86|Any CPU = Debug SAP910 x86|Any CPU
		Debug SAP910 x86|Mixed Platforms = Debug SAP910 x86|Mixed Platforms
		Debug SAP910 x86|x64 = Debug SAP910 x86|x64
		Debug SAP910 x86|x86 = Debug SAP910 x86|x86
		Debug|Any CPU = Debug|Any CPU
		Debug|Mixed Platforms = Debug|Mixed Platforms
		Debug|x64 = Debug|x64
		Debug|x86 = Debug|x86
		Release|Any CPU = Release|Any CPU
		Release|Mixed Platforms = Release|Mixed Platforms
		Release|x64 = Release|x64
		Release|x86 = Release|x86
	EndGlobalSection
	GlobalSection(ProjectConfigurationPlatforms) = postSolution
		{D43B167A-CA19-4D23-B358-B70EE794519C}.Debug SAP910 x64|Any CPU.ActiveCfg = Debug SAP910 x64|Any CPU
		{D43B167A-CA19-4D23-B358-B70EE794519C}.Debug SAP910 x64|Any CPU.Build.0 = Debug SAP910 x64|Any CPU
		{D43B167A-CA19-4D23-B358-B70EE794519C}.Debug SAP910 x64|Mixed Platforms.ActiveCfg = Debug SAP910 x64|x64
		{D43B167A-CA19-4D23-B358-B70EE794519C}.Debug SAP910 x64|Mixed Platforms.Build.0 = Debug SAP910 x64|x64
		{D43B167A-CA19-4D23-B358-B70EE794519C}.Debug SAP910 x64|x64.ActiveCfg = Debug SAP910 x64|x64
		{D43B167A-CA19-4D23-B358-B70EE794519C}.Debug SAP910 x64|x64.Build.0 = Debug SAP910 x64|x64
		{D43B167A-CA19-4D23-B358-B70EE794519C}.Debug SAP910 x64|x86.ActiveCfg = Debug SAP910 x86|x86
		{D43B167A-CA19-4D23-B358-B70EE794519C}.Debug SAP910 x64|x86.Build.0 = Debug SAP910 x86|x86
		{D43B167A-CA19-4D23-B358-B70EE794519C}.Debug SAP910 x86|Any CPU.ActiveCfg = Debug SAP910 x86|Any CPU
		{D43B167A-CA19-4D23-B358-B70EE794519C}.Debug SAP910 x86|Any CPU.Build.0 = Debug SAP910 x86|Any CPU
		{D43B167A-CA19-4D23-B358-B70EE794519C}.Debug SAP910 x86|Mixed Platforms.ActiveCfg = Debug SAP910 x86|x86
		{D43B167A-CA19-4D23-B358-B70EE794519C}.Debug SAP910 x86|Mixed Platforms.Build.0 = Debug SAP910 x86|x86
		{D43B167A-CA19-4D23-B358-B70EE794519C}.Debug SAP910 x86|x64.ActiveCfg = Debug SAP910 x86|x64
		{D43B167A-CA19-4D23-B358-B70EE794519C}.Debug SAP910 x86|x64.Build.0 = Debug SAP910 x86|x64
		{D43B167A-CA19-4D23-B358-B70EE794519C}.Debug SAP910 x86|x86.ActiveCfg = Debug SAP910 x86|x86
		{D43B167A-CA19-4D23-B358-B70EE794519C}.Debug SAP910 x86|x86.Build.0 = Debug SAP910 x86|x86
		{D43B167A-CA19-4D23-B358-B70EE794519C}.Debug|Any CPU.ActiveCfg = Debug|Any CPU
		{D43B167A-CA19-4D23-B358-B70EE794519C}.Debug|Any CPU.Build.0 = Debug|Any CPU
		{D43B167A-CA19-4D23-B358-B70EE794519C}.Debug|Mixed Platforms.ActiveCfg = Debug|Any CPU
		{D43B167A-CA19-4D23-B358-B70EE794519C}.Debug|Mixed Platforms.Build.0 = Debug|Any CPU
		{D43B167A-CA19-4D23-B358-B70EE794519C}.Debug|x64.ActiveCfg = Debug|x64
		{D43B167A-CA19-4D23-B358-B70EE794519C}.Debug|x64.Build.0 = Debug|x64
		{D43B167A-CA19-4D23-B358-B70EE794519C}.Debug|x86.ActiveCfg = Debug|x86
		{D43B167A-CA19-4D23-B358-B70EE794519C}.Debug|x86.Build.0 = Debug|x86
		{D43B167A-CA19-4D23-B358-B70EE794519C}.Release|Any CPU.ActiveCfg = Release|Any CPU
		{D43B167A-CA19-4D23-B358-B70EE794519C}.Release|Any CPU.Build.0 = Release|Any CPU
		{D43B167A-CA19-4D23-B358-B70EE794519C}.Release|Mixed Platforms.ActiveCfg = Release|Any CPU
		{D43B167A-CA19-4D23-B358-B70EE794519C}.Release|Mixed Platforms.Build.0 = Release|Any CPU
		{D43B167A-CA19-4D23-B358-B70EE794519C}.Release|x64.ActiveCfg = Release|x64
		{D43B167A-CA19-4D23-B358-B70EE794519C}.Release|x64.Build.0 = Release|x64
		{D43B167A-CA19-4D23-B358-B70EE794519C}.Release|x86.ActiveCfg = Release|x86
		{D43B167A-CA19-4D23-B358-B70EE794519C}.Release|x86.Build.0 = Release|x86
		{78B23F84-CB41-495C-AA75-8C99C8A5C863}.Debug SAP910 x64|Any CPU.ActiveCfg = Debug SAP910 x64|Any CPU
		{78B23F84-CB41-495C-AA75-8C99C8A5C863}.Debug SAP910 x64|Any CPU.Build.0 = Debug SAP910 x64|Any CPU
		{78B23F84-CB41-495C-AA75-8C99C8A5C863}.Debug SAP910 x64|Mixed Platforms.ActiveCfg = Debug SAP910 x64|x64
		{78B23F84-CB41-495C-AA75-8C99C8A5C863}.Debug SAP910 x64|Mixed Platforms.Build.0 = Debug SAP910 x64|x64
		{78B23F84-CB41-495C-AA75-8C99C8A5C863}.Debug SAP910 x64|x64.ActiveCfg = Debug SAP910 x64|x64
		{78B23F84-CB41-495C-AA75-8C99C8A5C863}.Debug SAP910 x64|x64.Build.0 = Debug SAP910 x64|x64
		{78B23F84-CB41-495C-AA75-8C99C8A5C863}.Debug SAP910 x64|x86.ActiveCfg = Debug SAP910 x86|x86
		{78B23F84-CB41-495C-AA75-8C99C8A5C863}.Debug SAP910 x64|x86.Build.0 = Debug SAP910 x86|x86
		{78B23F84-CB41-495C-AA75-8C99C8A5C863}.Debug SAP910 x86|Any CPU.ActiveCfg = Debug SAP910 x86|Any CPU
		{78B23F84-CB41-495C-AA75-8C99C8A5C863}.Debug SAP910 x86|Any CPU.Build.0 = Debug SAP910 x86|Any CPU
		{78B23F84-CB41-495C-AA75-8C99C8A5C863}.Debug SAP910 x86|Mixed Platforms.ActiveCfg = Debug SAP910 x86|x86
		{78B23F84-CB41-495C-AA75-8C99C8A5C863}.Debug SAP910 x86|Mixed Platforms.Build.0 = Debug SAP910 x86|x86
		{78B23F84-CB41-495C-AA75-8C99C8A5C863}.Debug SAP910 x86|x64.ActiveCfg = Debug SAP910 x86|x64
		{78B23F84-CB41-495C-AA75-8C99C8A5C863}.Debug SAP910 x86|x64.Build.0 = Debug SAP910 x86|x64
		{78B23F84-CB41-495C-AA75-8C99C8A5C863}.Debug SAP910 x86|x86.ActiveCfg = Debug SAP910 x86|x86
		{78B23F84-CB41-495C-AA75-8C99C8A5C863}.Debug SAP910 x86|x86.Build.0 = Debug SAP910 x86|x86
		{78B23F84-CB41-495C-AA75-8C99C8A5C863}.Debug|Any CPU.ActiveCfg = Debug|Any CPU
		{78B23F84-CB41-495C-AA75-8C99C8A5C863}.Debug|Any CPU.Build.0 = Debug|Any CPU
		{78B23F84-CB41-495C-AA75-8C99C8A5C863}.Debug|Mixed Platforms.ActiveCfg = Debug|Any CPU
		{78B23F84-CB41-495C-AA75-8C99C8A5C863}.Debug|Mixed Platforms.Build.0 = Debug|Any CPU
		{78B23F84-CB41-495C-AA75-8C99C8A5C863}.Debug|x64.ActiveCfg = Debug|x64
		{78B23F84-CB41-495C-AA75-8C99C8A5C863}.Debug|x64.Build.0 = Debug|x64
		{78B23F84-CB41-495C-AA75-8C99C8A5C863}.Debug|x86.ActiveCfg = Debug|x86
		{78B23F84-CB41-495C-AA75-8C99C8A5C863}.Debug|x86.Build.0 = Debug|x86
		{78B23F84-CB41-495C-AA75-8C99C8A5C863}.Release|Any CPU.ActiveCfg = Release|Any CPU
		{78B23F84-CB41-495C-AA75-8C99C8A5C863}.Release|Any CPU.Build.0 = Release|Any CPU
		{78B23F84-CB41-495C-AA75-8C99C8A5C863}.Release|Mixed Platforms.ActiveCfg = Release|x86
		{78B23F84-CB41-495C-AA75-8C99C8A5C863}.Release|Mixed Platforms.Build.0 = Release|x86
		{78B23F84-CB41-495C-AA75-8C99C8A5C863}.Release|x64.ActiveCfg = Release|x64
		{78B23F84-CB41-495C-AA75-8C99C8A5C863}.Release|x64.Build.0 = Release|x64
		{78B23F84-CB41-495C-AA75-8C99C8A5C863}.Release|x86.ActiveCfg = Release|x86
		{78B23F84-CB41-495C-AA75-8C99C8A5C863}.Release|x86.Build.0 = Release|x86
		{4DDF9DE7-7903-4138-A0D9-3ADDD04E330B}.Debug SAP910 x64|Any CPU.ActiveCfg = Debug SAP910 x64|Any CPU
		{4DDF9DE7-7903-4138-A0D9-3ADDD04E330B}.Debug SAP910 x64|Any CPU.Build.0 = Debug SAP910 x64|Any CPU
		{4DDF9DE7-7903-4138-A0D9-3ADDD04E330B}.Debug SAP910 x64|Mixed Platforms.ActiveCfg = Debug SAP910 x64|x64
		{4DDF9DE7-7903-4138-A0D9-3ADDD04E330B}.Debug SAP910 x64|Mixed Platforms.Build.0 = Debug SAP910 x64|x64
		{4DDF9DE7-7903-4138-A0D9-3ADDD04E330B}.Debug SAP910 x64|x64.ActiveCfg = Debug SAP910 x64|x64
		{4DDF9DE7-7903-4138-A0D9-3ADDD04E330B}.Debug SAP910 x64|x64.Build.0 = Debug SAP910 x64|x64
		{4DDF9DE7-7903-4138-A0D9-3ADDD04E330B}.Debug SAP910 x64|x86.ActiveCfg = Debug SAP910 x86|x86
		{4DDF9DE7-7903-4138-A0D9-3ADDD04E330B}.Debug SAP910 x64|x86.Build.0 = Debug SAP910 x86|x86
		{4DDF9DE7-7903-4138-A0D9-3ADDD04E330B}.Debug SAP910 x86|Any CPU.ActiveCfg = Debug SAP910 x86|Any CPU
		{4DDF9DE7-7903-4138-A0D9-3ADDD04E330B}.Debug SAP910 x86|Any CPU.Build.0 = Debug SAP910 x86|Any CPU
		{4DDF9DE7-7903-4138-A0D9-3ADDD04E330B}.Debug SAP910 x86|Mixed Platforms.ActiveCfg = Debug SAP910 x86|x86
		{4DDF9DE7-7903-4138-A0D9-3ADDD04E330B}.Debug SAP910 x86|Mixed Platforms.Build.0 = Debug SAP910 x86|x86
		{4DDF9DE7-7903-4138-A0D9-3ADDD04E330B}.Debug SAP910 x86|x64.ActiveCfg = Debug SAP910 x86|x64
		{4DDF9DE7-7903-4138-A0D9-3ADDD04E330B}.Debug SAP910 x86|x64.Build.0 = Debug SAP910 x86|x64
		{4DDF9DE7-7903-4138-A0D9-3ADDD04E330B}.Debug SAP910 x86|x86.ActiveCfg = Debug SAP910 x86|x86
		{4DDF9DE7-7903-4138-A0D9-3ADDD04E330B}.Debug SAP910 x86|x86.Build.0 = Debug SAP910 x86|x86
		{4DDF9DE7-7903-4138-A0D9-3ADDD04E330B}.Debug|Any CPU.ActiveCfg = Debug|Any CPU
		{4DDF9DE7-7903-4138-A0D9-3ADDD04E330B}.Debug|Any CPU.Build.0 = Debug|Any CPU
		{4DDF9DE7-7903-4138-A0D9-3ADDD04E330B}.Debug|Mixed Platforms.ActiveCfg = Debug|Any CPU
		{4DDF9DE7-7903-4138-A0D9-3ADDD04E330B}.Debug|Mixed Platforms.Build.0 = Debug|Any CPU
		{4DDF9DE7-7903-4138-A0D9-3ADDD04E330B}.Debug|x64.ActiveCfg = Debug|x64
		{4DDF9DE7-7903-4138-A0D9-3ADDD04E330B}.Debug|x64.Build.0 = Debug|x64
		{4DDF9DE7-7903-4138-A0D9-3ADDD04E330B}.Debug|x86.ActiveCfg = Debug|Any CPU
		{4DDF9DE7-7903-4138-A0D9-3ADDD04E330B}.Release|Any CPU.ActiveCfg = Release|Any CPU
		{4DDF9DE7-7903-4138-A0D9-3ADDD04E330B}.Release|Any CPU.Build.0 = Release|Any CPU
		{4DDF9DE7-7903-4138-A0D9-3ADDD04E330B}.Release|Mixed Platforms.ActiveCfg = Release|Any CPU
		{4DDF9DE7-7903-4138-A0D9-3ADDD04E330B}.Release|Mixed Platforms.Build.0 = Release|Any CPU
		{4DDF9DE7-7903-4138-A0D9-3ADDD04E330B}.Release|x64.ActiveCfg = Release|Any CPU
		{4DDF9DE7-7903-4138-A0D9-3ADDD04E330B}.Release|x86.ActiveCfg = Release|Any CPU
		{FE41B945-26ED-4668-B075-FF2254B3FC1D}.Debug SAP910 x64|Any CPU.ActiveCfg = Debug SAP910 x64|Any CPU
		{FE41B945-26ED-4668-B075-FF2254B3FC1D}.Debug SAP910 x64|Any CPU.Build.0 = Debug SAP910 x64|Any CPU
		{FE41B945-26ED-4668-B075-FF2254B3FC1D}.Debug SAP910 x64|Mixed Platforms.ActiveCfg = Debug SAP910 x64|x64
		{FE41B945-26ED-4668-B075-FF2254B3FC1D}.Debug SAP910 x64|Mixed Platforms.Build.0 = Debug SAP910 x64|x64
		{FE41B945-26ED-4668-B075-FF2254B3FC1D}.Debug SAP910 x64|x64.ActiveCfg = Debug SAP910 x64|x64
		{FE41B945-26ED-4668-B075-FF2254B3FC1D}.Debug SAP910 x64|x64.Build.0 = Debug SAP910 x64|x64
		{FE41B945-26ED-4668-B075-FF2254B3FC1D}.Debug SAP910 x64|x86.ActiveCfg = Debug SAP910 x86|x86
		{FE41B945-26ED-4668-B075-FF2254B3FC1D}.Debug SAP910 x64|x86.Build.0 = Debug SAP910 x86|x86
		{FE41B945-26ED-4668-B075-FF2254B3FC1D}.Debug SAP910 x86|Any CPU.ActiveCfg = Debug SAP910 x86|Any CPU
		{FE41B945-26ED-4668-B075-FF2254B3FC1D}.Debug SAP910 x86|Any CPU.Build.0 = Debug SAP910 x86|Any CPU
		{FE41B945-26ED-4668-B075-FF2254B3FC1D}.Debug SAP910 x86|Mixed Platforms.ActiveCfg = Debug SAP910 x86|x86
		{FE41B945-26ED-4668-B075-FF2254B3FC1D}.Debug SAP910 x86|Mixed Platforms.Build.0 = Debug SAP910 x86|x86
		{FE41B945-26ED-4668-B075-FF2254B3FC1D}.Debug SAP910 x86|x64.ActiveCfg = Debug SAP910 x86|x64
		{FE41B945-26ED-4668-B075-FF2254B3FC1D}.Debug SAP910 x86|x64.Build.0 = Debug SAP910 x86|x64
		{FE41B945-26ED-4668-B075-FF2254B3FC1D}.Debug SAP910 x86|x86.ActiveCfg = Debug SAP910 x86|x86
		{FE41B945-26ED-4668-B075-FF2254B3FC1D}.Debug SAP910 x86|x86.Build.0 = Debug SAP910 x86|x86
		{FE41B945-26ED-4668-B075-FF2254B3FC1D}.Debug|Any CPU.ActiveCfg = Debug|Any CPU
		{FE41B945-26ED-4668-B075-FF2254B3FC1D}.Debug|Any CPU.Build.0 = Debug|Any CPU
		{FE41B945-26ED-4668-B075-FF2254B3FC1D}.Debug|Mixed Platforms.ActiveCfg = Debug|Any CPU
		{FE41B945-26ED-4668-B075-FF2254B3FC1D}.Debug|Mixed Platforms.Build.0 = Debug|Any CPU
		{FE41B945-26ED-4668-B075-FF2254B3FC1D}.Debug|x64.ActiveCfg = Debug|x64
		{FE41B945-26ED-4668-B075-FF2254B3FC1D}.Debug|x64.Build.0 = Debug|x64
		{FE41B945-26ED-4668-B075-FF2254B3FC1D}.Debug|x86.ActiveCfg = Debug|Any CPU
		{FE41B945-26ED-4668-B075-FF2254B3FC1D}.Release|Any CPU.ActiveCfg = Release|Any CPU
		{FE41B945-26ED-4668-B075-FF2254B3FC1D}.Release|Any CPU.Build.0 = Release|Any CPU
		{FE41B945-26ED-4668-B075-FF2254B3FC1D}.Release|Mixed Platforms.ActiveCfg = Release|Any CPU
		{FE41B945-26ED-4668-B075-FF2254B3FC1D}.Release|Mixed Platforms.Build.0 = Release|Any CPU
		{FE41B945-26ED-4668-B075-FF2254B3FC1D}.Release|x64.ActiveCfg = Release|Any CPU
		{FE41B945-26ED-4668-B075-FF2254B3FC1D}.Release|x86.ActiveCfg = Release|Any CPU
	EndGlobalSection
	GlobalSection(SolutionProperties) = preSolution
		HideSolutionNode = FALSE
	EndGlobalSection
EndGlobal
